// !$*UTF8*$!
{
	archiveVersion = 1;
	classes = {
	};
	objectVersion = 56;
	objects = {

/* Begin PBXBuildFile section */
		0057F1522B0A6C83002D06A5 /* UIColor+.swift in Sources */ = {isa = PBXBuildFile; fileRef = 0057F1512B0A6C83002D06A5 /* UIColor+.swift */; };
		0057F1542B0A6F20002D06A5 /* Image.swift in Sources */ = {isa = PBXBuildFile; fileRef = 0057F1532B0A6F20002D06A5 /* Image.swift */; };
		0057F1562B0A7C91002D06A5 /* Device.swift in Sources */ = {isa = PBXBuildFile; fileRef = 0057F1552B0A7C91002D06A5 /* Device.swift */; };
		007822452B089F8F008F0E17 /* AppDelegate.swift in Sources */ = {isa = PBXBuildFile; fileRef = 007822442B089F8F008F0E17 /* AppDelegate.swift */; };
		007822472B089F8F008F0E17 /* SceneDelegate.swift in Sources */ = {isa = PBXBuildFile; fileRef = 007822462B089F8F008F0E17 /* SceneDelegate.swift */; };
		007822492B089F8F008F0E17 /* ViewController.swift in Sources */ = {isa = PBXBuildFile; fileRef = 007822482B089F8F008F0E17 /* ViewController.swift */; };
		0078224E2B089F90008F0E17 /* Assets.xcassets in Resources */ = {isa = PBXBuildFile; fileRef = 0078224D2B089F90008F0E17 /* Assets.xcassets */; };
		007822512B089F90008F0E17 /* LaunchScreen.storyboard in Resources */ = {isa = PBXBuildFile; fileRef = 0078224F2B089F90008F0E17 /* LaunchScreen.storyboard */; };
		007BAC992B08A6CC005A34C3 /* 11.swift in Sources */ = {isa = PBXBuildFile; fileRef = 007BAC982B08A6CC005A34C3 /* 11.swift */; };
		007BAC9B2B08A6D0005A34C3 /* 12.swift in Sources */ = {isa = PBXBuildFile; fileRef = 007BAC9A2B08A6D0005A34C3 /* 12.swift */; };
		007BAC9F2B08A6E4005A34C3 /* 14.swift in Sources */ = {isa = PBXBuildFile; fileRef = 007BAC9E2B08A6E4005A34C3 /* 14.swift */; };
		007BACA12B08A6E8005A34C3 /* 15.swift in Sources */ = {isa = PBXBuildFile; fileRef = 007BACA02B08A6E8005A34C3 /* 15.swift */; };
		007BACA32B08A6ED005A34C3 /* 16.swift in Sources */ = {isa = PBXBuildFile; fileRef = 007BACA22B08A6ED005A34C3 /* 16.swift */; };
		007BACA52B08A6F4005A34C3 /* 17.swift in Sources */ = {isa = PBXBuildFile; fileRef = 007BACA42B08A6F4005A34C3 /* 17.swift */; };
		007BACA72B08A6FB005A34C3 /* 18.swift in Sources */ = {isa = PBXBuildFile; fileRef = 007BACA62B08A6FB005A34C3 /* 18.swift */; };
		007BACA92B08A703005A34C3 /* 19.swift in Sources */ = {isa = PBXBuildFile; fileRef = 007BACA82B08A703005A34C3 /* 19.swift */; };
		007BACAB2B08A711005A34C3 /* 7.swift in Sources */ = {isa = PBXBuildFile; fileRef = 007BACAA2B08A711005A34C3 /* 7.swift */; };
		007BACB72B08A796005A34C3 /* 2.swift in Sources */ = {isa = PBXBuildFile; fileRef = 007BACB62B08A796005A34C3 /* 2.swift */; };
		007BACB92B08A79A005A34C3 /* 3.swift in Sources */ = {isa = PBXBuildFile; fileRef = 007BACB82B08A79A005A34C3 /* 3.swift */; };
		007BACBB2B08A79E005A34C3 /* 4.swift in Sources */ = {isa = PBXBuildFile; fileRef = 007BACBA2B08A79E005A34C3 /* 4.swift */; };
		0083B1A22B0BCAA500357725 /* ClubViewController.swift in Sources */ = {isa = PBXBuildFile; fileRef = 0083B1A12B0BCAA500357725 /* ClubViewController.swift */; };
		39334A4C2B0C6EFE00A17275 /* UIFont+.swift in Sources */ = {isa = PBXBuildFile; fileRef = 39334A4B2B0C6EFE00A17275 /* UIFont+.swift */; };
		39FE56752B0DA82600A17A03 /* AppleSDGothicNeo.ttc in Resources */ = {isa = PBXBuildFile; fileRef = 39FE56732B0DA82600A17A03 /* AppleSDGothicNeo.ttc */; };
		39FE56762B0DA82600A17A03 /* SF-Pro.ttf in Resources */ = {isa = PBXBuildFile; fileRef = 39FE56742B0DA82600A17A03 /* SF-Pro.ttf */; };
		D206CA582B0C5B9E007ECC1B /* MainViewController.swift in Sources */ = {isa = PBXBuildFile; fileRef = D206CA572B0C5B9E007ECC1B /* MainViewController.swift */; };
		D206CA5A2B0C5EE1007ECC1B /* MainView.swift in Sources */ = {isa = PBXBuildFile; fileRef = D206CA592B0C5EE1007ECC1B /* MainView.swift */; };
		D206CA5D2B0C6538007ECC1B /* MainTopView.swift in Sources */ = {isa = PBXBuildFile; fileRef = D206CA5C2B0C6538007ECC1B /* MainTopView.swift */; };
		D206CA5F2B0C69E6007ECC1B /* MainMoreClubCollectionViewCell.swift in Sources */ = {isa = PBXBuildFile; fileRef = D206CA5E2B0C69E6007ECC1B /* MainMoreClubCollectionViewCell.swift */; };
		D206CA612B0C69F4007ECC1B /* MainMoreClubCollectionView.swift in Sources */ = {isa = PBXBuildFile; fileRef = D206CA602B0C69F4007ECC1B /* MainMoreClubCollectionView.swift */; };
		D206CA642B0C6E8C007ECC1B /* MainMoreClubCollectionFooterView.swift in Sources */ = {isa = PBXBuildFile; fileRef = D206CA632B0C6E8C007ECC1B /* MainMoreClubCollectionFooterView.swift */; };
		D206CA662B0C7C34007ECC1B /* MainCategoryCollectionView.swift in Sources */ = {isa = PBXBuildFile; fileRef = D206CA652B0C7C34007ECC1B /* MainCategoryCollectionView.swift */; };
		D206CA682B0C7C50007ECC1B /* MainCategoryCollectionViewCell.swift in Sources */ = {isa = PBXBuildFile; fileRef = D206CA672B0C7C50007ECC1B /* MainCategoryCollectionViewCell.swift */; };
		D206CA6B2B0C7FC8007ECC1B /* MainCategoryModel.swift in Sources */ = {isa = PBXBuildFile; fileRef = D206CA6A2B0C7FC8007ECC1B /* MainCategoryModel.swift */; };
		D206CA6D2B0C8930007ECC1B /* MainPostCollectionView.swift in Sources */ = {isa = PBXBuildFile; fileRef = D206CA6C2B0C8930007ECC1B /* MainPostCollectionView.swift */; };
		D206CA6F2B0C895E007ECC1B /* MainPostCollectionViewCell.swift in Sources */ = {isa = PBXBuildFile; fileRef = D206CA6E2B0C895E007ECC1B /* MainPostCollectionViewCell.swift */; };
		D206CA712B0C991D007ECC1B /* MainClubModel.swift in Sources */ = {isa = PBXBuildFile; fileRef = D206CA702B0C991D007ECC1B /* MainClubModel.swift */; };
		D206CA7F2B0E86A4007ECC1B /* MainRepository.swift in Sources */ = {isa = PBXBuildFile; fileRef = D206CA7E2B0E86A4007ECC1B /* MainRepository.swift */; };
		D206CA812B0E86B1007ECC1B /* ClubRepository.swift in Sources */ = {isa = PBXBuildFile; fileRef = D206CA802B0E86B0007ECC1B /* ClubRepository.swift */; };
		D206CA832B0E86BC007ECC1B /* DetailRepository.swift in Sources */ = {isa = PBXBuildFile; fileRef = D206CA822B0E86BC007ECC1B /* DetailRepository.swift */; };
		D206CA852B0E86C9007ECC1B /* MainDTO.swift in Sources */ = {isa = PBXBuildFile; fileRef = D206CA842B0E86C9007ECC1B /* MainDTO.swift */; };
		D206CA872B0E86D0007ECC1B /* ClubDTO.swift in Sources */ = {isa = PBXBuildFile; fileRef = D206CA862B0E86D0007ECC1B /* ClubDTO.swift */; };
		D206CA892B0E86D8007ECC1B /* DetailDTO.swift in Sources */ = {isa = PBXBuildFile; fileRef = D206CA882B0E86D8007ECC1B /* DetailDTO.swift */; };
		D206CA902B0E874D007ECC1B /* MainEntity.swift in Sources */ = {isa = PBXBuildFile; fileRef = D206CA8F2B0E874D007ECC1B /* MainEntity.swift */; };
		D206CA922B0E8755007ECC1B /* ClubEntity.swift in Sources */ = {isa = PBXBuildFile; fileRef = D206CA912B0E8755007ECC1B /* ClubEntity.swift */; };
		D206CA942B0E875C007ECC1B /* DetailEntity.swift in Sources */ = {isa = PBXBuildFile; fileRef = D206CA932B0E875C007ECC1B /* DetailEntity.swift */; };
		D206CA972B0E87C4007ECC1B /* MainTransform.swift in Sources */ = {isa = PBXBuildFile; fileRef = D206CA962B0E87C4007ECC1B /* MainTransform.swift */; };
		D206CA992B0E87CF007ECC1B /* ClubTransform.swift in Sources */ = {isa = PBXBuildFile; fileRef = D206CA982B0E87CF007ECC1B /* ClubTransform.swift */; };
		D206CA9B2B0E87DC007ECC1B /* DetailTransform.swift in Sources */ = {isa = PBXBuildFile; fileRef = D206CA9A2B0E87DC007ECC1B /* DetailTransform.swift */; };
		D206CA9E2B0E881B007ECC1B /* GenericResponse.swift in Sources */ = {isa = PBXBuildFile; fileRef = D206CA9D2B0E881B007ECC1B /* GenericResponse.swift */; };
		D206CAA02B0E8824007ECC1B /* VoidResult.swift in Sources */ = {isa = PBXBuildFile; fileRef = D206CA9F2B0E8824007ECC1B /* VoidResult.swift */; };
		D206CAA22B0E882B007ECC1B /* SimpleResponse.swift in Sources */ = {isa = PBXBuildFile; fileRef = D206CAA12B0E882B007ECC1B /* SimpleResponse.swift */; };
		D23475C92B0A69220098432F /* String+.swift in Sources */ = {isa = PBXBuildFile; fileRef = D23475C82B0A69220098432F /* String+.swift */; };
		D23475CB2B0A693A0098432F /* UIApplication+.swift in Sources */ = {isa = PBXBuildFile; fileRef = D23475CA2B0A693A0098432F /* UIApplication+.swift */; };
		D23475CD2B0A69450098432F /* UIButton+.swift in Sources */ = {isa = PBXBuildFile; fileRef = D23475CC2B0A69450098432F /* UIButton+.swift */; };
		D23475CF2B0A695C0098432F /* UICollectionReuseableView+.swift in Sources */ = {isa = PBXBuildFile; fileRef = D23475CE2B0A695C0098432F /* UICollectionReuseableView+.swift */; };
		D23475D12B0A699B0098432F /* UICollectionViewCell++.swift in Sources */ = {isa = PBXBuildFile; fileRef = D23475D02B0A699B0098432F /* UICollectionViewCell++.swift */; };
		D23475D32B0A69AA0098432F /* UIImageView+.swift in Sources */ = {isa = PBXBuildFile; fileRef = D23475D22B0A69AA0098432F /* UIImageView+.swift */; };
		D23475D52B0A69B90098432F /* UILabel+.swift in Sources */ = {isa = PBXBuildFile; fileRef = D23475D42B0A69B90098432F /* UILabel+.swift */; };
		D23475D72B0A69C70098432F /* UINavagationController+.swift in Sources */ = {isa = PBXBuildFile; fileRef = D23475D62B0A69C70098432F /* UINavagationController+.swift */; };
		D23475D92B0A69D30098432F /* UIStackView+.swift in Sources */ = {isa = PBXBuildFile; fileRef = D23475D82B0A69D30098432F /* UIStackView+.swift */; };
		D23475DB2B0A69DF0098432F /* UITableHeaderFooterView+.swift in Sources */ = {isa = PBXBuildFile; fileRef = D23475DA2B0A69DF0098432F /* UITableHeaderFooterView+.swift */; };
		D23475DD2B0A6AE60098432F /* UITableViewCell+.swift in Sources */ = {isa = PBXBuildFile; fileRef = D23475DC2B0A6AE60098432F /* UITableViewCell+.swift */; };
		D23475DF2B0A6AFA0098432F /* UITextField+.swift in Sources */ = {isa = PBXBuildFile; fileRef = D23475DE2B0A6AFA0098432F /* UITextField+.swift */; };
		D23475E12B0A6B070098432F /* UIView+.swift in Sources */ = {isa = PBXBuildFile; fileRef = D23475E02B0A6B070098432F /* UIView+.swift */; };
		D23475E32B0A6B180098432F /* UIViewController+.swift in Sources */ = {isa = PBXBuildFile; fileRef = D23475E22B0A6B180098432F /* UIViewController+.swift */; };
		D23475E62B0A6B5D0098432F /* SnapKit in Frameworks */ = {isa = PBXBuildFile; productRef = D23475E52B0A6B5D0098432F /* SnapKit */; };
		D23475E92B0A6B660098432F /* Then in Frameworks */ = {isa = PBXBuildFile; productRef = D23475E82B0A6B660098432F /* Then */; };
		D23475EC2B0A6B7D0098432F /* Moya in Frameworks */ = {isa = PBXBuildFile; productRef = D23475EB2B0A6B7D0098432F /* Moya */; };
		D23475EF2B0A6B890098432F /* Kingfisher in Frameworks */ = {isa = PBXBuildFile; productRef = D23475EE2B0A6B890098432F /* Kingfisher */; };
/* End PBXBuildFile section */

/* Begin PBXFileReference section */
		0057F1512B0A6C83002D06A5 /* UIColor+.swift */ = {isa = PBXFileReference; lastKnownFileType = sourcecode.swift; path = "UIColor+.swift"; sourceTree = "<group>"; };
		0057F1532B0A6F20002D06A5 /* Image.swift */ = {isa = PBXFileReference; lastKnownFileType = sourcecode.swift; path = Image.swift; sourceTree = "<group>"; };
		0057F1552B0A7C91002D06A5 /* Device.swift */ = {isa = PBXFileReference; lastKnownFileType = sourcecode.swift; path = Device.swift; sourceTree = "<group>"; };
		007822412B089F8F008F0E17 /* Carrot-iOS.app */ = {isa = PBXFileReference; explicitFileType = wrapper.application; includeInIndex = 0; path = "Carrot-iOS.app"; sourceTree = BUILT_PRODUCTS_DIR; };
		007822442B089F8F008F0E17 /* AppDelegate.swift */ = {isa = PBXFileReference; lastKnownFileType = sourcecode.swift; path = AppDelegate.swift; sourceTree = "<group>"; };
		007822462B089F8F008F0E17 /* SceneDelegate.swift */ = {isa = PBXFileReference; lastKnownFileType = sourcecode.swift; path = SceneDelegate.swift; sourceTree = "<group>"; };
		007822482B089F8F008F0E17 /* ViewController.swift */ = {isa = PBXFileReference; lastKnownFileType = sourcecode.swift; path = ViewController.swift; sourceTree = "<group>"; };
		0078224D2B089F90008F0E17 /* Assets.xcassets */ = {isa = PBXFileReference; lastKnownFileType = folder.assetcatalog; path = Assets.xcassets; sourceTree = "<group>"; };
		007822502B089F90008F0E17 /* Base */ = {isa = PBXFileReference; lastKnownFileType = file.storyboard; name = Base; path = Base.lproj/LaunchScreen.storyboard; sourceTree = "<group>"; };
		007822522B089F90008F0E17 /* Info.plist */ = {isa = PBXFileReference; lastKnownFileType = text.plist.xml; path = Info.plist; sourceTree = "<group>"; };
		007BAC982B08A6CC005A34C3 /* 11.swift */ = {isa = PBXFileReference; lastKnownFileType = sourcecode.swift; path = 11.swift; sourceTree = "<group>"; };
		007BAC9A2B08A6D0005A34C3 /* 12.swift */ = {isa = PBXFileReference; lastKnownFileType = sourcecode.swift; path = 12.swift; sourceTree = "<group>"; };
		007BAC9E2B08A6E4005A34C3 /* 14.swift */ = {isa = PBXFileReference; lastKnownFileType = sourcecode.swift; path = 14.swift; sourceTree = "<group>"; };
		007BACA02B08A6E8005A34C3 /* 15.swift */ = {isa = PBXFileReference; lastKnownFileType = sourcecode.swift; path = 15.swift; sourceTree = "<group>"; };
		007BACA22B08A6ED005A34C3 /* 16.swift */ = {isa = PBXFileReference; lastKnownFileType = sourcecode.swift; path = 16.swift; sourceTree = "<group>"; };
		007BACA42B08A6F4005A34C3 /* 17.swift */ = {isa = PBXFileReference; lastKnownFileType = sourcecode.swift; path = 17.swift; sourceTree = "<group>"; };
		007BACA62B08A6FB005A34C3 /* 18.swift */ = {isa = PBXFileReference; lastKnownFileType = sourcecode.swift; path = 18.swift; sourceTree = "<group>"; };
		007BACA82B08A703005A34C3 /* 19.swift */ = {isa = PBXFileReference; lastKnownFileType = sourcecode.swift; path = 19.swift; sourceTree = "<group>"; };
		007BACAA2B08A711005A34C3 /* 7.swift */ = {isa = PBXFileReference; lastKnownFileType = sourcecode.swift; path = 7.swift; sourceTree = "<group>"; };
		007BACB62B08A796005A34C3 /* 2.swift */ = {isa = PBXFileReference; lastKnownFileType = sourcecode.swift; path = 2.swift; sourceTree = "<group>"; };
		007BACB82B08A79A005A34C3 /* 3.swift */ = {isa = PBXFileReference; lastKnownFileType = sourcecode.swift; path = 3.swift; sourceTree = "<group>"; };
		007BACBA2B08A79E005A34C3 /* 4.swift */ = {isa = PBXFileReference; lastKnownFileType = sourcecode.swift; path = 4.swift; sourceTree = "<group>"; };
		0083B1A12B0BCAA500357725 /* ClubViewController.swift */ = {isa = PBXFileReference; lastKnownFileType = sourcecode.swift; path = ClubViewController.swift; sourceTree = "<group>"; };
		39334A4B2B0C6EFE00A17275 /* UIFont+.swift */ = {isa = PBXFileReference; fileEncoding = 4; lastKnownFileType = sourcecode.swift; path = "UIFont+.swift"; sourceTree = "<group>"; };
		39FE56732B0DA82600A17A03 /* AppleSDGothicNeo.ttc */ = {isa = PBXFileReference; lastKnownFileType = file; path = AppleSDGothicNeo.ttc; sourceTree = "<group>"; };
		39FE56742B0DA82600A17A03 /* SF-Pro.ttf */ = {isa = PBXFileReference; lastKnownFileType = file; path = "SF-Pro.ttf"; sourceTree = "<group>"; };
		D206CA572B0C5B9E007ECC1B /* MainViewController.swift */ = {isa = PBXFileReference; lastKnownFileType = sourcecode.swift; path = MainViewController.swift; sourceTree = "<group>"; };
		D206CA592B0C5EE1007ECC1B /* MainView.swift */ = {isa = PBXFileReference; lastKnownFileType = sourcecode.swift; path = MainView.swift; sourceTree = "<group>"; };
		D206CA5C2B0C6538007ECC1B /* MainTopView.swift */ = {isa = PBXFileReference; lastKnownFileType = sourcecode.swift; path = MainTopView.swift; sourceTree = "<group>"; };
		D206CA5E2B0C69E6007ECC1B /* MainMoreClubCollectionViewCell.swift */ = {isa = PBXFileReference; lastKnownFileType = sourcecode.swift; path = MainMoreClubCollectionViewCell.swift; sourceTree = "<group>"; };
		D206CA602B0C69F4007ECC1B /* MainMoreClubCollectionView.swift */ = {isa = PBXFileReference; lastKnownFileType = sourcecode.swift; path = MainMoreClubCollectionView.swift; sourceTree = "<group>"; };
		D206CA632B0C6E8C007ECC1B /* MainMoreClubCollectionFooterView.swift */ = {isa = PBXFileReference; lastKnownFileType = sourcecode.swift; path = MainMoreClubCollectionFooterView.swift; sourceTree = "<group>"; };
		D206CA652B0C7C34007ECC1B /* MainCategoryCollectionView.swift */ = {isa = PBXFileReference; lastKnownFileType = sourcecode.swift; path = MainCategoryCollectionView.swift; sourceTree = "<group>"; };
		D206CA672B0C7C50007ECC1B /* MainCategoryCollectionViewCell.swift */ = {isa = PBXFileReference; lastKnownFileType = sourcecode.swift; path = MainCategoryCollectionViewCell.swift; sourceTree = "<group>"; };
		D206CA6A2B0C7FC8007ECC1B /* MainCategoryModel.swift */ = {isa = PBXFileReference; lastKnownFileType = sourcecode.swift; path = MainCategoryModel.swift; sourceTree = "<group>"; };
		D206CA6C2B0C8930007ECC1B /* MainPostCollectionView.swift */ = {isa = PBXFileReference; lastKnownFileType = sourcecode.swift; path = MainPostCollectionView.swift; sourceTree = "<group>"; };
		D206CA6E2B0C895E007ECC1B /* MainPostCollectionViewCell.swift */ = {isa = PBXFileReference; lastKnownFileType = sourcecode.swift; path = MainPostCollectionViewCell.swift; sourceTree = "<group>"; };
		D206CA702B0C991D007ECC1B /* MainClubModel.swift */ = {isa = PBXFileReference; lastKnownFileType = sourcecode.swift; path = MainClubModel.swift; sourceTree = "<group>"; };
		D206CA7E2B0E86A4007ECC1B /* MainRepository.swift */ = {isa = PBXFileReference; lastKnownFileType = sourcecode.swift; path = MainRepository.swift; sourceTree = "<group>"; };
		D206CA802B0E86B0007ECC1B /* ClubRepository.swift */ = {isa = PBXFileReference; lastKnownFileType = sourcecode.swift; path = ClubRepository.swift; sourceTree = "<group>"; };
		D206CA822B0E86BC007ECC1B /* DetailRepository.swift */ = {isa = PBXFileReference; lastKnownFileType = sourcecode.swift; path = DetailRepository.swift; sourceTree = "<group>"; };
		D206CA842B0E86C9007ECC1B /* MainDTO.swift */ = {isa = PBXFileReference; lastKnownFileType = sourcecode.swift; path = MainDTO.swift; sourceTree = "<group>"; };
		D206CA862B0E86D0007ECC1B /* ClubDTO.swift */ = {isa = PBXFileReference; lastKnownFileType = sourcecode.swift; path = ClubDTO.swift; sourceTree = "<group>"; };
		D206CA882B0E86D8007ECC1B /* DetailDTO.swift */ = {isa = PBXFileReference; lastKnownFileType = sourcecode.swift; path = DetailDTO.swift; sourceTree = "<group>"; };
		D206CA8F2B0E874D007ECC1B /* MainEntity.swift */ = {isa = PBXFileReference; lastKnownFileType = sourcecode.swift; path = MainEntity.swift; sourceTree = "<group>"; };
		D206CA912B0E8755007ECC1B /* ClubEntity.swift */ = {isa = PBXFileReference; lastKnownFileType = sourcecode.swift; path = ClubEntity.swift; sourceTree = "<group>"; };
		D206CA932B0E875C007ECC1B /* DetailEntity.swift */ = {isa = PBXFileReference; lastKnownFileType = sourcecode.swift; path = DetailEntity.swift; sourceTree = "<group>"; };
		D206CA962B0E87C4007ECC1B /* MainTransform.swift */ = {isa = PBXFileReference; lastKnownFileType = sourcecode.swift; path = MainTransform.swift; sourceTree = "<group>"; };
		D206CA982B0E87CF007ECC1B /* ClubTransform.swift */ = {isa = PBXFileReference; lastKnownFileType = sourcecode.swift; path = ClubTransform.swift; sourceTree = "<group>"; };
		D206CA9A2B0E87DC007ECC1B /* DetailTransform.swift */ = {isa = PBXFileReference; lastKnownFileType = sourcecode.swift; path = DetailTransform.swift; sourceTree = "<group>"; };
		D206CA9D2B0E881B007ECC1B /* GenericResponse.swift */ = {isa = PBXFileReference; lastKnownFileType = sourcecode.swift; path = GenericResponse.swift; sourceTree = "<group>"; };
		D206CA9F2B0E8824007ECC1B /* VoidResult.swift */ = {isa = PBXFileReference; lastKnownFileType = sourcecode.swift; path = VoidResult.swift; sourceTree = "<group>"; };
		D206CAA12B0E882B007ECC1B /* SimpleResponse.swift */ = {isa = PBXFileReference; lastKnownFileType = sourcecode.swift; path = SimpleResponse.swift; sourceTree = "<group>"; };
		D23475C82B0A69220098432F /* String+.swift */ = {isa = PBXFileReference; lastKnownFileType = sourcecode.swift; path = "String+.swift"; sourceTree = "<group>"; };
		D23475CA2B0A693A0098432F /* UIApplication+.swift */ = {isa = PBXFileReference; lastKnownFileType = sourcecode.swift; path = "UIApplication+.swift"; sourceTree = "<group>"; };
		D23475CC2B0A69450098432F /* UIButton+.swift */ = {isa = PBXFileReference; lastKnownFileType = sourcecode.swift; path = "UIButton+.swift"; sourceTree = "<group>"; };
		D23475CE2B0A695C0098432F /* UICollectionReuseableView+.swift */ = {isa = PBXFileReference; lastKnownFileType = sourcecode.swift; path = "UICollectionReuseableView+.swift"; sourceTree = "<group>"; };
		D23475D02B0A699B0098432F /* UICollectionViewCell++.swift */ = {isa = PBXFileReference; lastKnownFileType = sourcecode.swift; path = "UICollectionViewCell++.swift"; sourceTree = "<group>"; };
		D23475D22B0A69AA0098432F /* UIImageView+.swift */ = {isa = PBXFileReference; lastKnownFileType = sourcecode.swift; path = "UIImageView+.swift"; sourceTree = "<group>"; };
		D23475D42B0A69B90098432F /* UILabel+.swift */ = {isa = PBXFileReference; lastKnownFileType = sourcecode.swift; path = "UILabel+.swift"; sourceTree = "<group>"; };
		D23475D62B0A69C70098432F /* UINavagationController+.swift */ = {isa = PBXFileReference; lastKnownFileType = sourcecode.swift; path = "UINavagationController+.swift"; sourceTree = "<group>"; };
		D23475D82B0A69D30098432F /* UIStackView+.swift */ = {isa = PBXFileReference; lastKnownFileType = sourcecode.swift; path = "UIStackView+.swift"; sourceTree = "<group>"; };
		D23475DA2B0A69DF0098432F /* UITableHeaderFooterView+.swift */ = {isa = PBXFileReference; lastKnownFileType = sourcecode.swift; path = "UITableHeaderFooterView+.swift"; sourceTree = "<group>"; };
		D23475DC2B0A6AE60098432F /* UITableViewCell+.swift */ = {isa = PBXFileReference; lastKnownFileType = sourcecode.swift; path = "UITableViewCell+.swift"; sourceTree = "<group>"; };
		D23475DE2B0A6AFA0098432F /* UITextField+.swift */ = {isa = PBXFileReference; lastKnownFileType = sourcecode.swift; path = "UITextField+.swift"; sourceTree = "<group>"; };
		D23475E02B0A6B070098432F /* UIView+.swift */ = {isa = PBXFileReference; lastKnownFileType = sourcecode.swift; path = "UIView+.swift"; sourceTree = "<group>"; };
		D23475E22B0A6B180098432F /* UIViewController+.swift */ = {isa = PBXFileReference; lastKnownFileType = sourcecode.swift; path = "UIViewController+.swift"; sourceTree = "<group>"; };
/* End PBXFileReference section */

/* Begin PBXFrameworksBuildPhase section */
		0078223E2B089F8F008F0E17 /* Frameworks */ = {
			isa = PBXFrameworksBuildPhase;
			buildActionMask = 2147483647;
			files = (
				D23475EF2B0A6B890098432F /* Kingfisher in Frameworks */,
				D23475E62B0A6B5D0098432F /* SnapKit in Frameworks */,
				D23475E92B0A6B660098432F /* Then in Frameworks */,
				D23475EC2B0A6B7D0098432F /* Moya in Frameworks */,
			);
			runOnlyForDeploymentPostprocessing = 0;
		};
/* End PBXFrameworksBuildPhase section */

/* Begin PBXGroup section */
		007822382B089F8F008F0E17 = {
			isa = PBXGroup;
			children = (
				007822432B089F8F008F0E17 /* Carrot-iOS */,
				007822422B089F8F008F0E17 /* Products */,
			);
			sourceTree = "<group>";
		};
		007822422B089F8F008F0E17 /* Products */ = {
			isa = PBXGroup;
			children = (
				007822412B089F8F008F0E17 /* Carrot-iOS.app */,
			);
			name = Products;
			sourceTree = "<group>";
		};
		007822432B089F8F008F0E17 /* Carrot-iOS */ = {
			isa = PBXGroup;
			children = (
				D206CA762B0E85E0007ECC1B /* Domain */,
				D206CA742B0E8550007ECC1B /* NetworkData */,
				007822582B08A1EF008F0E17 /* Application */,
				007822592B08A1F9008F0E17 /* Data */,
				0078225A2B08A202008F0E17 /* Global */,
				0078225B2B08A209008F0E17 /* Network */,
				0078225C2B08A214008F0E17 /* Presentation */,
				0078225D2B08A21F008F0E17 /* Resource */,
				007822522B089F90008F0E17 /* Info.plist */,
			);
			path = "Carrot-iOS";
			sourceTree = "<group>";
		};
		007822582B08A1EF008F0E17 /* Application */ = {
			isa = PBXGroup;
			children = (
				007822442B089F8F008F0E17 /* AppDelegate.swift */,
				007822462B089F8F008F0E17 /* SceneDelegate.swift */,
			);
			path = Application;
			sourceTree = "<group>";
		};
		007822592B08A1F9008F0E17 /* Data */ = {
			isa = PBXGroup;
			children = (
				007BACB02B08A752005A34C3 /* Main */,
				007BACB12B08A75B005A34C3 /* Club */,
				007BACB22B08A763005A34C3 /* Detail */,
				007BACB32B08A769005A34C3 /* SignUp */,
			);
			path = Data;
			sourceTree = "<group>";
		};
		0078225A2B08A202008F0E17 /* Global */ = {
			isa = PBXGroup;
			children = (
				0078225F2B08A268008F0E17 /* Constant */,
				007822602B08A272008F0E17 /* Extension */,
			);
			path = Global;
			sourceTree = "<group>";
		};
		0078225B2B08A209008F0E17 /* Network */ = {
			isa = PBXGroup;
			children = (
				D206CA782B0E85EF007ECC1B /* DTO */,
				007822612B08A286008F0E17 /* Foundation */,
			);
			path = Network;
			sourceTree = "<group>";
		};
		0078225C2B08A214008F0E17 /* Presentation */ = {
			isa = PBXGroup;
			children = (
				007822622B08A29D008F0E17 /* Base */,
				007822632B08A448008F0E17 /* Main */,
				007BAC862B08A55D005A34C3 /* Club */,
				007BAC872B08A5B3005A34C3 /* Detail */,
				007BAC8B2B08A603005A34C3 /* SignUp */,
			);
			path = Presentation;
			sourceTree = "<group>";
		};
		0078225D2B08A21F008F0E17 /* Resource */ = {
			isa = PBXGroup;
			children = (
				39FE56722B0DA82600A17A03 /* Font */,
				0078224D2B089F90008F0E17 /* Assets.xcassets */,
				0078224F2B089F90008F0E17 /* LaunchScreen.storyboard */,
			);
			path = Resource;
			sourceTree = "<group>";
		};
		0078225F2B08A268008F0E17 /* Constant */ = {
			isa = PBXGroup;
			children = (
				0057F1552B0A7C91002D06A5 /* Device.swift */,
				0057F1532B0A6F20002D06A5 /* Image.swift */,
			);
			path = Constant;
			sourceTree = "<group>";
		};
		007822602B08A272008F0E17 /* Extension */ = {
			isa = PBXGroup;
			children = (
				0057F1512B0A6C83002D06A5 /* UIColor+.swift */,
				D23475C42B0A68EE0098432F /* UIKit+ */,
				D23475C32B0A68E70098432F /* Foundation+ */,
			);
			path = Extension;
			sourceTree = "<group>";
		};
		007822612B08A286008F0E17 /* Foundation */ = {
			isa = PBXGroup;
			children = (
				007BACAA2B08A711005A34C3 /* 7.swift */,
			);
			path = Foundation;
			sourceTree = "<group>";
		};
		007822622B08A29D008F0E17 /* Base */ = {
			isa = PBXGroup;
			children = (
				007822482B089F8F008F0E17 /* ViewController.swift */,
			);
			path = Base;
			sourceTree = "<group>";
		};
		007822632B08A448008F0E17 /* Main */ = {
			isa = PBXGroup;
			children = (
				007822642B08A487008F0E17 /* Cell */,
				007822652B08A48D008F0E17 /* View */,
				007822662B08A494008F0E17 /* ViewController */,
			);
			path = Main;
			sourceTree = "<group>";
		};
		007822642B08A487008F0E17 /* Cell */ = {
			isa = PBXGroup;
			children = (
				D206CA5E2B0C69E6007ECC1B /* MainMoreClubCollectionViewCell.swift */,
				D206CA672B0C7C50007ECC1B /* MainCategoryCollectionViewCell.swift */,
				D206CA6E2B0C895E007ECC1B /* MainPostCollectionViewCell.swift */,
			);
			path = Cell;
			sourceTree = "<group>";
		};
		007822652B08A48D008F0E17 /* View */ = {
			isa = PBXGroup;
			children = (
				D206CA5B2B0C6509007ECC1B /* AssistantView */,
				D206CA592B0C5EE1007ECC1B /* MainView.swift */,
			);
			path = View;
			sourceTree = "<group>";
		};
		007822662B08A494008F0E17 /* ViewController */ = {
			isa = PBXGroup;
			children = (
				D206CA572B0C5B9E007ECC1B /* MainViewController.swift */,
			);
			path = ViewController;
			sourceTree = "<group>";
		};
		007BAC862B08A55D005A34C3 /* Club */ = {
			isa = PBXGroup;
			children = (
				007BAC8A2B08A5FC005A34C3 /* Cell */,
				007BAC892B08A5F2005A34C3 /* View */,
				007BAC882B08A5E8005A34C3 /* ViewController */,
			);
			path = Club;
			sourceTree = "<group>";
		};
		007BAC872B08A5B3005A34C3 /* Detail */ = {
			isa = PBXGroup;
			children = (
				007BAC8E2B08A64B005A34C3 /* Cell */,
				007BAC8D2B08A644005A34C3 /* View */,
				007BAC8C2B08A63C005A34C3 /* ViewController */,
			);
			path = Detail;
			sourceTree = "<group>";
		};
		007BAC882B08A5E8005A34C3 /* ViewController */ = {
			isa = PBXGroup;
			children = (
				0083B1A12B0BCAA500357725 /* ClubViewController.swift */,
			);
			path = ViewController;
			sourceTree = "<group>";
		};
		007BAC892B08A5F2005A34C3 /* View */ = {
			isa = PBXGroup;
			children = (
				007BAC9A2B08A6D0005A34C3 /* 12.swift */,
			);
			path = View;
			sourceTree = "<group>";
		};
		007BAC8A2B08A5FC005A34C3 /* Cell */ = {
			isa = PBXGroup;
			children = (
				007BAC982B08A6CC005A34C3 /* 11.swift */,
			);
			path = Cell;
			sourceTree = "<group>";
		};
		007BAC8B2B08A603005A34C3 /* SignUp */ = {
			isa = PBXGroup;
			children = (
				007BAC912B08A65F005A34C3 /* Cell */,
				007BAC902B08A65B005A34C3 /* View */,
				007BAC8F2B08A653005A34C3 /* ViewController */,
			);
			path = SignUp;
			sourceTree = "<group>";
		};
		007BAC8C2B08A63C005A34C3 /* ViewController */ = {
			isa = PBXGroup;
			children = (
				007BACA22B08A6ED005A34C3 /* 16.swift */,
			);
			path = ViewController;
			sourceTree = "<group>";
		};
		007BAC8D2B08A644005A34C3 /* View */ = {
			isa = PBXGroup;
			children = (
				007BACA02B08A6E8005A34C3 /* 15.swift */,
			);
			path = View;
			sourceTree = "<group>";
		};
		007BAC8E2B08A64B005A34C3 /* Cell */ = {
			isa = PBXGroup;
			children = (
				007BAC9E2B08A6E4005A34C3 /* 14.swift */,
			);
			path = Cell;
			sourceTree = "<group>";
		};
		007BAC8F2B08A653005A34C3 /* ViewController */ = {
			isa = PBXGroup;
			children = (
				007BACA82B08A703005A34C3 /* 19.swift */,
			);
			path = ViewController;
			sourceTree = "<group>";
		};
		007BAC902B08A65B005A34C3 /* View */ = {
			isa = PBXGroup;
			children = (
				007BACA62B08A6FB005A34C3 /* 18.swift */,
			);
			path = View;
			sourceTree = "<group>";
		};
		007BAC912B08A65F005A34C3 /* Cell */ = {
			isa = PBXGroup;
			children = (
				007BACA42B08A6F4005A34C3 /* 17.swift */,
			);
			path = Cell;
			sourceTree = "<group>";
		};
		007BACB02B08A752005A34C3 /* Main */ = {
			isa = PBXGroup;
			children = (
				D206CA692B0C7FBA007ECC1B /* Model */,
			);
			path = Main;
			sourceTree = "<group>";
		};
		007BACB12B08A75B005A34C3 /* Club */ = {
			isa = PBXGroup;
			children = (
				007BACB62B08A796005A34C3 /* 2.swift */,
			);
			path = Club;
			sourceTree = "<group>";
		};
		007BACB22B08A763005A34C3 /* Detail */ = {
			isa = PBXGroup;
			children = (
				007BACB82B08A79A005A34C3 /* 3.swift */,
			);
			path = Detail;
			sourceTree = "<group>";
		};
		007BACB32B08A769005A34C3 /* SignUp */ = {
			isa = PBXGroup;
			children = (
				007BACBA2B08A79E005A34C3 /* 4.swift */,
			);
			path = SignUp;
			sourceTree = "<group>";
		};
		39FE56722B0DA82600A17A03 /* Font */ = {
			isa = PBXGroup;
			children = (
				39FE56732B0DA82600A17A03 /* AppleSDGothicNeo.ttc */,
				39FE56742B0DA82600A17A03 /* SF-Pro.ttf */,
			);
			path = Font;
			sourceTree = "<group>";
		};
		D206CA5B2B0C6509007ECC1B /* AssistantView */ = {
			isa = PBXGroup;
			children = (
				D206CA5C2B0C6538007ECC1B /* MainTopView.swift */,
				D206CA602B0C69F4007ECC1B /* MainMoreClubCollectionView.swift */,
				D206CA652B0C7C34007ECC1B /* MainCategoryCollectionView.swift */,
				D206CA632B0C6E8C007ECC1B /* MainMoreClubCollectionFooterView.swift */,
				D206CA6C2B0C8930007ECC1B /* MainPostCollectionView.swift */,
			);
			path = AssistantView;
			sourceTree = "<group>";
		};
		D206CA692B0C7FBA007ECC1B /* Model */ = {
			isa = PBXGroup;
			children = (
				D206CA6A2B0C7FC8007ECC1B /* MainCategoryModel.swift */,
				D206CA702B0C991D007ECC1B /* MainClubModel.swift */,
			);
			path = Model;
			sourceTree = "<group>";
		};
		D206CA742B0E8550007ECC1B /* NetworkData */ = {
			isa = PBXGroup;
			children = (
				D206CA952B0E87B5007ECC1B /* Transform */,
				D206CA772B0E85EA007ECC1B /* Repository */,
			);
			path = NetworkData;
			sourceTree = "<group>";
		};
		D206CA762B0E85E0007ECC1B /* Domain */ = {
			isa = PBXGroup;
			children = (
				D206CA8A2B0E8704007ECC1B /* Entity */,
			);
			path = Domain;
			sourceTree = "<group>";
		};
		D206CA772B0E85EA007ECC1B /* Repository */ = {
			isa = PBXGroup;
			children = (
				D206CA7E2B0E86A4007ECC1B /* MainRepository.swift */,
				D206CA802B0E86B0007ECC1B /* ClubRepository.swift */,
				D206CA822B0E86BC007ECC1B /* DetailRepository.swift */,
			);
			path = Repository;
			sourceTree = "<group>";
		};
		D206CA782B0E85EF007ECC1B /* DTO */ = {
			isa = PBXGroup;
			children = (
				D206CA9C2B0E8807007ECC1B /* Common */,
				D206CA7B2B0E8660007ECC1B /* Detail */,
				D206CA7A2B0E8656007ECC1B /* CLub */,
				D206CA792B0E864A007ECC1B /* Main */,
			);
			path = DTO;
			sourceTree = "<group>";
		};
		D206CA792B0E864A007ECC1B /* Main */ = {
			isa = PBXGroup;
			children = (
				D206CA842B0E86C9007ECC1B /* MainDTO.swift */,
			);
			path = Main;
			sourceTree = "<group>";
		};
		D206CA7A2B0E8656007ECC1B /* CLub */ = {
			isa = PBXGroup;
			children = (
				D206CA862B0E86D0007ECC1B /* ClubDTO.swift */,
			);
			path = CLub;
			sourceTree = "<group>";
		};
		D206CA7B2B0E8660007ECC1B /* Detail */ = {
			isa = PBXGroup;
			children = (
				D206CA882B0E86D8007ECC1B /* DetailDTO.swift */,
			);
			path = Detail;
			sourceTree = "<group>";
		};
		D206CA8A2B0E8704007ECC1B /* Entity */ = {
			isa = PBXGroup;
			children = (
				D206CA8E2B0E8740007ECC1B /* Detail */,
				D206CA8D2B0E873C007ECC1B /* Club */,
				D206CA8B2B0E871F007ECC1B /* Main */,
			);
			path = Entity;
			sourceTree = "<group>";
		};
		D206CA8B2B0E871F007ECC1B /* Main */ = {
			isa = PBXGroup;
			children = (
				D206CA8F2B0E874D007ECC1B /* MainEntity.swift */,
			);
			path = Main;
			sourceTree = "<group>";
		};
		D206CA8D2B0E873C007ECC1B /* Club */ = {
			isa = PBXGroup;
			children = (
				D206CA912B0E8755007ECC1B /* ClubEntity.swift */,
			);
			path = Club;
			sourceTree = "<group>";
		};
		D206CA8E2B0E8740007ECC1B /* Detail */ = {
			isa = PBXGroup;
			children = (
				D206CA932B0E875C007ECC1B /* DetailEntity.swift */,
			);
			path = Detail;
			sourceTree = "<group>";
		};
		D206CA952B0E87B5007ECC1B /* Transform */ = {
			isa = PBXGroup;
			children = (
				D206CA962B0E87C4007ECC1B /* MainTransform.swift */,
				D206CA982B0E87CF007ECC1B /* ClubTransform.swift */,
				D206CA9A2B0E87DC007ECC1B /* DetailTransform.swift */,
			);
			path = Transform;
			sourceTree = "<group>";
		};
		D206CA9C2B0E8807007ECC1B /* Common */ = {
			isa = PBXGroup;
			children = (
				D206CA9D2B0E881B007ECC1B /* GenericResponse.swift */,
				D206CA9F2B0E8824007ECC1B /* VoidResult.swift */,
				D206CAA12B0E882B007ECC1B /* SimpleResponse.swift */,
			);
			path = Common;
			sourceTree = "<group>";
		};
		D23475C32B0A68E70098432F /* Foundation+ */ = {
			isa = PBXGroup;
			children = (
				D23475C82B0A69220098432F /* String+.swift */,
			);
			path = "Foundation+";
			sourceTree = "<group>";
		};
		D23475C42B0A68EE0098432F /* UIKit+ */ = {
			isa = PBXGroup;
			children = (
				D23475CA2B0A693A0098432F /* UIApplication+.swift */,
				D23475CC2B0A69450098432F /* UIButton+.swift */,
				D23475CE2B0A695C0098432F /* UICollectionReuseableView+.swift */,
				D23475D02B0A699B0098432F /* UICollectionViewCell++.swift */,
				39334A4B2B0C6EFE00A17275 /* UIFont+.swift */,
				D23475D22B0A69AA0098432F /* UIImageView+.swift */,
				D23475D42B0A69B90098432F /* UILabel+.swift */,
				D23475D62B0A69C70098432F /* UINavagationController+.swift */,
				D23475D82B0A69D30098432F /* UIStackView+.swift */,
				D23475DA2B0A69DF0098432F /* UITableHeaderFooterView+.swift */,
				D23475DC2B0A6AE60098432F /* UITableViewCell+.swift */,
				D23475DE2B0A6AFA0098432F /* UITextField+.swift */,
				D23475E02B0A6B070098432F /* UIView+.swift */,
				D23475E22B0A6B180098432F /* UIViewController+.swift */,
			);
			path = "UIKit+";
			sourceTree = "<group>";
		};
/* End PBXGroup section */

/* Begin PBXNativeTarget section */
		007822402B089F8F008F0E17 /* Carrot-iOS */ = {
			isa = PBXNativeTarget;
			buildConfigurationList = 007822552B089F90008F0E17 /* Build configuration list for PBXNativeTarget "Carrot-iOS" */;
			buildPhases = (
				0078223D2B089F8F008F0E17 /* Sources */,
				0078223E2B089F8F008F0E17 /* Frameworks */,
				0078223F2B089F8F008F0E17 /* Resources */,
			);
			buildRules = (
			);
			dependencies = (
			);
			name = "Carrot-iOS";
			packageProductDependencies = (
				D23475E52B0A6B5D0098432F /* SnapKit */,
				D23475E82B0A6B660098432F /* Then */,
				D23475EB2B0A6B7D0098432F /* Moya */,
				D23475EE2B0A6B890098432F /* Kingfisher */,
			);
			productName = "Carrot-iOS";
			productReference = 007822412B089F8F008F0E17 /* Carrot-iOS.app */;
			productType = "com.apple.product-type.application";
		};
/* End PBXNativeTarget section */

/* Begin PBXProject section */
		007822392B089F8F008F0E17 /* Project object */ = {
			isa = PBXProject;
			attributes = {
				BuildIndependentTargetsInParallel = 1;
				LastSwiftUpdateCheck = 1500;
				LastUpgradeCheck = 1500;
				TargetAttributes = {
					007822402B089F8F008F0E17 = {
						CreatedOnToolsVersion = 15.0.1;
					};
				};
			};
			buildConfigurationList = 0078223C2B089F8F008F0E17 /* Build configuration list for PBXProject "Carrot-iOS" */;
			compatibilityVersion = "Xcode 14.0";
			developmentRegion = en;
			hasScannedForEncodings = 0;
			knownRegions = (
				en,
				Base,
			);
			mainGroup = 007822382B089F8F008F0E17;
			packageReferences = (
				D23475E42B0A6B5D0098432F /* XCRemoteSwiftPackageReference "SnapKit" */,
				D23475E72B0A6B660098432F /* XCRemoteSwiftPackageReference "Then" */,
				D23475EA2B0A6B7D0098432F /* XCRemoteSwiftPackageReference "Moya" */,
				D23475ED2B0A6B890098432F /* XCRemoteSwiftPackageReference "Kingfisher" */,
			);
			productRefGroup = 007822422B089F8F008F0E17 /* Products */;
			projectDirPath = "";
			projectRoot = "";
			targets = (
				007822402B089F8F008F0E17 /* Carrot-iOS */,
			);
		};
/* End PBXProject section */

/* Begin PBXResourcesBuildPhase section */
		0078223F2B089F8F008F0E17 /* Resources */ = {
			isa = PBXResourcesBuildPhase;
			buildActionMask = 2147483647;
			files = (
				007822512B089F90008F0E17 /* LaunchScreen.storyboard in Resources */,
				39FE56762B0DA82600A17A03 /* SF-Pro.ttf in Resources */,
				39FE56752B0DA82600A17A03 /* AppleSDGothicNeo.ttc in Resources */,
				0078224E2B089F90008F0E17 /* Assets.xcassets in Resources */,
			);
			runOnlyForDeploymentPostprocessing = 0;
		};
/* End PBXResourcesBuildPhase section */

/* Begin PBXSourcesBuildPhase section */
		0078223D2B089F8F008F0E17 /* Sources */ = {
			isa = PBXSourcesBuildPhase;
			buildActionMask = 2147483647;
			files = (
				007BACB92B08A79A005A34C3 /* 3.swift in Sources */,
				007BACA92B08A703005A34C3 /* 19.swift in Sources */,
				39334A4C2B0C6EFE00A17275 /* UIFont+.swift in Sources */,
				007BAC992B08A6CC005A34C3 /* 11.swift in Sources */,
				D23475CF2B0A695C0098432F /* UICollectionReuseableView+.swift in Sources */,
				D206CA812B0E86B1007ECC1B /* ClubRepository.swift in Sources */,
				007822492B089F8F008F0E17 /* ViewController.swift in Sources */,
				D206CA712B0C991D007ECC1B /* MainClubModel.swift in Sources */,
				D206CA642B0C6E8C007ECC1B /* MainMoreClubCollectionFooterView.swift in Sources */,
				007BACAB2B08A711005A34C3 /* 7.swift in Sources */,
				D206CA6B2B0C7FC8007ECC1B /* MainCategoryModel.swift in Sources */,
				0057F1562B0A7C91002D06A5 /* Device.swift in Sources */,
				D206CA682B0C7C50007ECC1B /* MainCategoryCollectionViewCell.swift in Sources */,
				D206CA872B0E86D0007ECC1B /* ClubDTO.swift in Sources */,
				D23475E32B0A6B180098432F /* UIViewController+.swift in Sources */,
				D206CA972B0E87C4007ECC1B /* MainTransform.swift in Sources */,
				007BACA32B08A6ED005A34C3 /* 16.swift in Sources */,
				0057F1542B0A6F20002D06A5 /* Image.swift in Sources */,
				D206CA832B0E86BC007ECC1B /* DetailRepository.swift in Sources */,
				D23475CD2B0A69450098432F /* UIButton+.swift in Sources */,
				D23475D32B0A69AA0098432F /* UIImageView+.swift in Sources */,
				007BACA52B08A6F4005A34C3 /* 17.swift in Sources */,
				D206CA612B0C69F4007ECC1B /* MainMoreClubCollectionView.swift in Sources */,
				D23475D12B0A699B0098432F /* UICollectionViewCell++.swift in Sources */,
				007BAC9B2B08A6D0005A34C3 /* 12.swift in Sources */,
				D206CA922B0E8755007ECC1B /* ClubEntity.swift in Sources */,
				D206CA992B0E87CF007ECC1B /* ClubTransform.swift in Sources */,
				007BACA72B08A6FB005A34C3 /* 18.swift in Sources */,
				007BAC9F2B08A6E4005A34C3 /* 14.swift in Sources */,
				007822452B089F8F008F0E17 /* AppDelegate.swift in Sources */,
				D23475D52B0A69B90098432F /* UILabel+.swift in Sources */,
				D206CA582B0C5B9E007ECC1B /* MainViewController.swift in Sources */,
				D206CAA02B0E8824007ECC1B /* VoidResult.swift in Sources */,
				D23475D72B0A69C70098432F /* UINavagationController+.swift in Sources */,
				0057F1522B0A6C83002D06A5 /* UIColor+.swift in Sources */,
				D23475DF2B0A6AFA0098432F /* UITextField+.swift in Sources */,
				D206CA6F2B0C895E007ECC1B /* MainPostCollectionViewCell.swift in Sources */,
				D206CA942B0E875C007ECC1B /* DetailEntity.swift in Sources */,
				D206CA6D2B0C8930007ECC1B /* MainPostCollectionView.swift in Sources */,
				D206CA5A2B0C5EE1007ECC1B /* MainView.swift in Sources */,
				D206CA852B0E86C9007ECC1B /* MainDTO.swift in Sources */,
				D206CA892B0E86D8007ECC1B /* DetailDTO.swift in Sources */,
				D206CA9E2B0E881B007ECC1B /* GenericResponse.swift in Sources */,
				D23475DB2B0A69DF0098432F /* UITableHeaderFooterView+.swift in Sources */,
				D206CAA22B0E882B007ECC1B /* SimpleResponse.swift in Sources */,
				007BACB72B08A796005A34C3 /* 2.swift in Sources */,
				D206CA5D2B0C6538007ECC1B /* MainTopView.swift in Sources */,
				D206CA7F2B0E86A4007ECC1B /* MainRepository.swift in Sources */,
				D206CA902B0E874D007ECC1B /* MainEntity.swift in Sources */,
				D206CA5F2B0C69E6007ECC1B /* MainMoreClubCollectionViewCell.swift in Sources */,
				D23475CB2B0A693A0098432F /* UIApplication+.swift in Sources */,
				0083B1A22B0BCAA500357725 /* ClubViewController.swift in Sources */,
				007822472B089F8F008F0E17 /* SceneDelegate.swift in Sources */,
				D206CA662B0C7C34007ECC1B /* MainCategoryCollectionView.swift in Sources */,
				D23475E12B0A6B070098432F /* UIView+.swift in Sources */,
				D23475D92B0A69D30098432F /* UIStackView+.swift in Sources */,
				D206CA9B2B0E87DC007ECC1B /* DetailTransform.swift in Sources */,
				D23475C92B0A69220098432F /* String+.swift in Sources */,
				D23475DD2B0A6AE60098432F /* UITableViewCell+.swift in Sources */,
				007BACA12B08A6E8005A34C3 /* 15.swift in Sources */,
				007BACBB2B08A79E005A34C3 /* 4.swift in Sources */,
			);
			runOnlyForDeploymentPostprocessing = 0;
		};
/* End PBXSourcesBuildPhase section */

/* Begin PBXVariantGroup section */
		0078224F2B089F90008F0E17 /* LaunchScreen.storyboard */ = {
			isa = PBXVariantGroup;
			children = (
				007822502B089F90008F0E17 /* Base */,
			);
			name = LaunchScreen.storyboard;
			sourceTree = "<group>";
		};
/* End PBXVariantGroup section */

/* Begin XCBuildConfiguration section */
		007822532B089F90008F0E17 /* Debug */ = {
			isa = XCBuildConfiguration;
			buildSettings = {
				ALWAYS_SEARCH_USER_PATHS = NO;
				ASSETCATALOG_COMPILER_GENERATE_SWIFT_ASSET_SYMBOL_EXTENSIONS = YES;
				CLANG_ANALYZER_NONNULL = YES;
				CLANG_ANALYZER_NUMBER_OBJECT_CONVERSION = YES_AGGRESSIVE;
				CLANG_CXX_LANGUAGE_STANDARD = "gnu++20";
				CLANG_ENABLE_MODULES = YES;
				CLANG_ENABLE_OBJC_ARC = YES;
				CLANG_ENABLE_OBJC_WEAK = YES;
				CLANG_WARN_BLOCK_CAPTURE_AUTORELEASING = YES;
				CLANG_WARN_BOOL_CONVERSION = YES;
				CLANG_WARN_COMMA = YES;
				CLANG_WARN_CONSTANT_CONVERSION = YES;
				CLANG_WARN_DEPRECATED_OBJC_IMPLEMENTATIONS = YES;
				CLANG_WARN_DIRECT_OBJC_ISA_USAGE = YES_ERROR;
				CLANG_WARN_DOCUMENTATION_COMMENTS = YES;
				CLANG_WARN_EMPTY_BODY = YES;
				CLANG_WARN_ENUM_CONVERSION = YES;
				CLANG_WARN_INFINITE_RECURSION = YES;
				CLANG_WARN_INT_CONVERSION = YES;
				CLANG_WARN_NON_LITERAL_NULL_CONVERSION = YES;
				CLANG_WARN_OBJC_IMPLICIT_RETAIN_SELF = YES;
				CLANG_WARN_OBJC_LITERAL_CONVERSION = YES;
				CLANG_WARN_OBJC_ROOT_CLASS = YES_ERROR;
				CLANG_WARN_QUOTED_INCLUDE_IN_FRAMEWORK_HEADER = YES;
				CLANG_WARN_RANGE_LOOP_ANALYSIS = YES;
				CLANG_WARN_STRICT_PROTOTYPES = YES;
				CLANG_WARN_SUSPICIOUS_MOVE = YES;
				CLANG_WARN_UNGUARDED_AVAILABILITY = YES_AGGRESSIVE;
				CLANG_WARN_UNREACHABLE_CODE = YES;
				CLANG_WARN__DUPLICATE_METHOD_MATCH = YES;
				COPY_PHASE_STRIP = NO;
				DEBUG_INFORMATION_FORMAT = dwarf;
				ENABLE_STRICT_OBJC_MSGSEND = YES;
				ENABLE_TESTABILITY = YES;
				ENABLE_USER_SCRIPT_SANDBOXING = YES;
				GCC_C_LANGUAGE_STANDARD = gnu17;
				GCC_DYNAMIC_NO_PIC = NO;
				GCC_NO_COMMON_BLOCKS = YES;
				GCC_OPTIMIZATION_LEVEL = 0;
				GCC_PREPROCESSOR_DEFINITIONS = (
					"DEBUG=1",
					"$(inherited)",
				);
				GCC_WARN_64_TO_32_BIT_CONVERSION = YES;
				GCC_WARN_ABOUT_RETURN_TYPE = YES_ERROR;
				GCC_WARN_UNDECLARED_SELECTOR = YES;
				GCC_WARN_UNINITIALIZED_AUTOS = YES_AGGRESSIVE;
				GCC_WARN_UNUSED_FUNCTION = YES;
				GCC_WARN_UNUSED_VARIABLE = YES;
				IPHONEOS_DEPLOYMENT_TARGET = 17.0;
				LOCALIZATION_PREFERS_STRING_CATALOGS = YES;
				MTL_ENABLE_DEBUG_INFO = INCLUDE_SOURCE;
				MTL_FAST_MATH = YES;
				ONLY_ACTIVE_ARCH = YES;
				SDKROOT = iphoneos;
				SWIFT_ACTIVE_COMPILATION_CONDITIONS = "DEBUG $(inherited)";
				SWIFT_OPTIMIZATION_LEVEL = "-Onone";
			};
			name = Debug;
		};
		007822542B089F90008F0E17 /* Release */ = {
			isa = XCBuildConfiguration;
			buildSettings = {
				ALWAYS_SEARCH_USER_PATHS = NO;
				ASSETCATALOG_COMPILER_GENERATE_SWIFT_ASSET_SYMBOL_EXTENSIONS = YES;
				CLANG_ANALYZER_NONNULL = YES;
				CLANG_ANALYZER_NUMBER_OBJECT_CONVERSION = YES_AGGRESSIVE;
				CLANG_CXX_LANGUAGE_STANDARD = "gnu++20";
				CLANG_ENABLE_MODULES = YES;
				CLANG_ENABLE_OBJC_ARC = YES;
				CLANG_ENABLE_OBJC_WEAK = YES;
				CLANG_WARN_BLOCK_CAPTURE_AUTORELEASING = YES;
				CLANG_WARN_BOOL_CONVERSION = YES;
				CLANG_WARN_COMMA = YES;
				CLANG_WARN_CONSTANT_CONVERSION = YES;
				CLANG_WARN_DEPRECATED_OBJC_IMPLEMENTATIONS = YES;
				CLANG_WARN_DIRECT_OBJC_ISA_USAGE = YES_ERROR;
				CLANG_WARN_DOCUMENTATION_COMMENTS = YES;
				CLANG_WARN_EMPTY_BODY = YES;
				CLANG_WARN_ENUM_CONVERSION = YES;
				CLANG_WARN_INFINITE_RECURSION = YES;
				CLANG_WARN_INT_CONVERSION = YES;
				CLANG_WARN_NON_LITERAL_NULL_CONVERSION = YES;
				CLANG_WARN_OBJC_IMPLICIT_RETAIN_SELF = YES;
				CLANG_WARN_OBJC_LITERAL_CONVERSION = YES;
				CLANG_WARN_OBJC_ROOT_CLASS = YES_ERROR;
				CLANG_WARN_QUOTED_INCLUDE_IN_FRAMEWORK_HEADER = YES;
				CLANG_WARN_RANGE_LOOP_ANALYSIS = YES;
				CLANG_WARN_STRICT_PROTOTYPES = YES;
				CLANG_WARN_SUSPICIOUS_MOVE = YES;
				CLANG_WARN_UNGUARDED_AVAILABILITY = YES_AGGRESSIVE;
				CLANG_WARN_UNREACHABLE_CODE = YES;
				CLANG_WARN__DUPLICATE_METHOD_MATCH = YES;
				COPY_PHASE_STRIP = NO;
				DEBUG_INFORMATION_FORMAT = "dwarf-with-dsym";
				ENABLE_NS_ASSERTIONS = NO;
				ENABLE_STRICT_OBJC_MSGSEND = YES;
				ENABLE_USER_SCRIPT_SANDBOXING = YES;
				GCC_C_LANGUAGE_STANDARD = gnu17;
				GCC_NO_COMMON_BLOCKS = YES;
				GCC_WARN_64_TO_32_BIT_CONVERSION = YES;
				GCC_WARN_ABOUT_RETURN_TYPE = YES_ERROR;
				GCC_WARN_UNDECLARED_SELECTOR = YES;
				GCC_WARN_UNINITIALIZED_AUTOS = YES_AGGRESSIVE;
				GCC_WARN_UNUSED_FUNCTION = YES;
				GCC_WARN_UNUSED_VARIABLE = YES;
				IPHONEOS_DEPLOYMENT_TARGET = 17.0;
				LOCALIZATION_PREFERS_STRING_CATALOGS = YES;
				MTL_ENABLE_DEBUG_INFO = NO;
				MTL_FAST_MATH = YES;
				SDKROOT = iphoneos;
				SWIFT_COMPILATION_MODE = wholemodule;
				VALIDATE_PRODUCT = YES;
			};
			name = Release;
		};
		007822562B089F90008F0E17 /* Debug */ = {
			isa = XCBuildConfiguration;
			buildSettings = {
				ASSETCATALOG_COMPILER_APPICON_NAME = AppIcon;
				ASSETCATALOG_COMPILER_GLOBAL_ACCENT_COLOR_NAME = AccentColor;
				CODE_SIGN_STYLE = Automatic;
				CURRENT_PROJECT_VERSION = 1;
				DEVELOPMENT_TEAM = MR2VBKY7CB;
				GENERATE_INFOPLIST_FILE = YES;
				INFOPLIST_FILE = "Carrot-iOS/Info.plist";
				INFOPLIST_KEY_UIApplicationSupportsIndirectInputEvents = YES;
				INFOPLIST_KEY_UILaunchStoryboardName = LaunchScreen;
				INFOPLIST_KEY_UISupportedInterfaceOrientations_iPad = "UIInterfaceOrientationPortrait UIInterfaceOrientationPortraitUpsideDown UIInterfaceOrientationLandscapeLeft UIInterfaceOrientationLandscapeRight";
				INFOPLIST_KEY_UISupportedInterfaceOrientations_iPhone = "UIInterfaceOrientationPortrait UIInterfaceOrientationLandscapeLeft UIInterfaceOrientationLandscapeRight";
				IPHONEOS_DEPLOYMENT_TARGET = 16.0;
				LD_RUNPATH_SEARCH_PATHS = (
					"$(inherited)",
					"@executable_path/Frameworks",
				);
				MARKETING_VERSION = 1.0;
				PRODUCT_BUNDLE_IDENTIFIER = "com.timotheekim.Carrot-iOS";
				PRODUCT_NAME = "$(TARGET_NAME)";
				SWIFT_EMIT_LOC_STRINGS = YES;
				SWIFT_VERSION = 5.0;
				TARGETED_DEVICE_FAMILY = "1,2";
			};
			name = Debug;
		};
		007822572B089F90008F0E17 /* Release */ = {
			isa = XCBuildConfiguration;
			buildSettings = {
				ASSETCATALOG_COMPILER_APPICON_NAME = AppIcon;
				ASSETCATALOG_COMPILER_GLOBAL_ACCENT_COLOR_NAME = AccentColor;
				CODE_SIGN_STYLE = Automatic;
				CURRENT_PROJECT_VERSION = 1;
				DEVELOPMENT_TEAM = MR2VBKY7CB;
				GENERATE_INFOPLIST_FILE = YES;
				INFOPLIST_FILE = "Carrot-iOS/Info.plist";
				INFOPLIST_KEY_UIApplicationSupportsIndirectInputEvents = YES;
				INFOPLIST_KEY_UILaunchStoryboardName = LaunchScreen;
				INFOPLIST_KEY_UISupportedInterfaceOrientations_iPad = "UIInterfaceOrientationPortrait UIInterfaceOrientationPortraitUpsideDown UIInterfaceOrientationLandscapeLeft UIInterfaceOrientationLandscapeRight";
				INFOPLIST_KEY_UISupportedInterfaceOrientations_iPhone = "UIInterfaceOrientationPortrait UIInterfaceOrientationLandscapeLeft UIInterfaceOrientationLandscapeRight";
				IPHONEOS_DEPLOYMENT_TARGET = 16.0;
				LD_RUNPATH_SEARCH_PATHS = (
					"$(inherited)",
					"@executable_path/Frameworks",
				);
				MARKETING_VERSION = 1.0;
				PRODUCT_BUNDLE_IDENTIFIER = "com.timotheekim.Carrot-iOS";
				PRODUCT_NAME = "$(TARGET_NAME)";
				SWIFT_EMIT_LOC_STRINGS = YES;
				SWIFT_VERSION = 5.0;
				TARGETED_DEVICE_FAMILY = "1,2";
			};
			name = Release;
		};
/* End XCBuildConfiguration section */

/* Begin XCConfigurationList section */
		0078223C2B089F8F008F0E17 /* Build configuration list for PBXProject "Carrot-iOS" */ = {
			isa = XCConfigurationList;
			buildConfigurations = (
				007822532B089F90008F0E17 /* Debug */,
				007822542B089F90008F0E17 /* Release */,
			);
			defaultConfigurationIsVisible = 0;
			defaultConfigurationName = Release;
		};
		007822552B089F90008F0E17 /* Build configuration list for PBXNativeTarget "Carrot-iOS" */ = {
			isa = XCConfigurationList;
			buildConfigurations = (
				007822562B089F90008F0E17 /* Debug */,
				007822572B089F90008F0E17 /* Release */,
			);
			defaultConfigurationIsVisible = 0;
			defaultConfigurationName = Release;
		};
/* End XCConfigurationList section */

/* Begin XCRemoteSwiftPackageReference section */
		D23475E42B0A6B5D0098432F /* XCRemoteSwiftPackageReference "SnapKit" */ = {
			isa = XCRemoteSwiftPackageReference;
			repositoryURL = "https://github.com/SnapKit/SnapKit";
			requirement = {
				branch = develop;
				kind = branch;
			};
		};
		D23475E72B0A6B660098432F /* XCRemoteSwiftPackageReference "Then" */ = {
			isa = XCRemoteSwiftPackageReference;
			repositoryURL = "https://github.com/devxoul/Then";
			requirement = {
				branch = master;
				kind = branch;
			};
		};
		D23475EA2B0A6B7D0098432F /* XCRemoteSwiftPackageReference "Moya" */ = {
			isa = XCRemoteSwiftPackageReference;
			repositoryURL = "https://github.com/Moya/Moya";
			requirement = {
				branch = master;
				kind = branch;
			};
		};
		D23475ED2B0A6B890098432F /* XCRemoteSwiftPackageReference "Kingfisher" */ = {
			isa = XCRemoteSwiftPackageReference;
			repositoryURL = "https://github.com/onevcat/Kingfisher";
			requirement = {
				branch = master;
				kind = branch;
			};
		};
/* End XCRemoteSwiftPackageReference section */

/* Begin XCSwiftPackageProductDependency section */
		D23475E52B0A6B5D0098432F /* SnapKit */ = {
			isa = XCSwiftPackageProductDependency;
			package = D23475E42B0A6B5D0098432F /* XCRemoteSwiftPackageReference "SnapKit" */;
			productName = SnapKit;
		};
		D23475E82B0A6B660098432F /* Then */ = {
			isa = XCSwiftPackageProductDependency;
			package = D23475E72B0A6B660098432F /* XCRemoteSwiftPackageReference "Then" */;
			productName = Then;
		};
		D23475EB2B0A6B7D0098432F /* Moya */ = {
			isa = XCSwiftPackageProductDependency;
			package = D23475EA2B0A6B7D0098432F /* XCRemoteSwiftPackageReference "Moya" */;
			productName = Moya;
		};
		D23475EE2B0A6B890098432F /* Kingfisher */ = {
			isa = XCSwiftPackageProductDependency;
			package = D23475ED2B0A6B890098432F /* XCRemoteSwiftPackageReference "Kingfisher" */;
			productName = Kingfisher;
		};
/* End XCSwiftPackageProductDependency section */
	};
	rootObject = 007822392B089F8F008F0E17 /* Project object */;
}
